
Microsoft Visual Studio Solution File, Format Version 12.00
# Visual Studio Version 17
VisualStudioVersion = 17.0.31903.59
MinimumVisualStudioVersion = 10.0.40219.1
Project("{2150E333-8FDC-42A3-9474-1A3956D46DE8}") = "src", "src", "{827E0CD3-B72D-47B6-A68D-7590B98EB39B}"
EndProject
Project("{FAE04EC0-301F-11D3-BF4B-00C04F79EFBC}") = "OnFlight.Contracts", "src\OnFlight.Contracts\OnFlight.Contracts.csproj", "{0EE68FE7-1A7E-4CF9-BB21-C23BDBEFD959}"
EndProject
Project("{FAE04EC0-301F-11D3-BF4B-00C04F79EFBC}") = "OnFlight.Core", "src\OnFlight.Core\OnFlight.Core.csproj", "{A880829A-C9FF-44DC-ACCA-8DD3E90A6531}"
EndProject
Project("{FAE04EC0-301F-11D3-BF4B-00C04F79EFBC}") = "OnFlight.App", "src\OnFlight.App\OnFlight.App.csproj", "{86A3F411-9B06-4A00-947B-9ECF06B3ECEF}"
EndProject
Global
	GlobalSection(SolutionConfigurationPlatforms) = preSolution
		Debug|Any CPU = Debug|Any CPU
		Debug|x64 = Debug|x64
		Debug|x86 = Debug|x86
		Release|Any CPU = Release|Any CPU
		Release|x64 = Release|x64
		Release|x86 = Release|x86
	EndGlobalSection
	GlobalSection(ProjectConfigurationPlatforms) = postSolution
		{0EE68FE7-1A7E-4CF9-BB21-C23BDBEFD959}.Debug|Any CPU.ActiveCfg = Debug|Any CPU
		{0EE68FE7-1A7E-4CF9-BB21-C23BDBEFD959}.Debug|Any CPU.Build.0 = Debug|Any CPU
		{0EE68FE7-1A7E-4CF9-BB21-C23BDBEFD959}.Debug|x64.ActiveCfg = Debug|Any CPU
		{0EE68FE7-1A7E-4CF9-BB21-C23BDBEFD959}.Debug|x64.Build.0 = Debug|Any CPU
		{0EE68FE7-1A7E-4CF9-BB21-C23BDBEFD959}.Debug|x86.ActiveCfg = Debug|Any CPU
		{0EE68FE7-1A7E-4CF9-BB21-C23BDBEFD959}.Debug|x86.Build.0 = Debug|Any CPU
		{0EE68FE7-1A7E-4CF9-BB21-C23BDBEFD959}.Release|Any CPU.ActiveCfg = Release|Any CPU
		{0EE68FE7-1A7E-4CF9-BB21-C23BDBEFD959}.Release|Any CPU.Build.0 = Release|Any CPU
		{0EE68FE7-1A7E-4CF9-BB21-C23BDBEFD959}.Release|x64.ActiveCfg = Release|Any CPU
		{0EE68FE7-1A7E-4CF9-BB21-C23BDBEFD959}.Release|x64.Build.0 = Release|Any CPU
		{0EE68FE7-1A7E-4CF9-BB21-C23BDBEFD959}.Release|x86.ActiveCfg = Release|Any CPU
		{0EE68FE7-1A7E-4CF9-BB21-C23BDBEFD959}.Release|x86.Build.0 = Release|Any CPU
		{A880829A-C9FF-44DC-ACCA-8DD3E90A6531}.Debug|Any CPU.ActiveCfg = Debug|Any CPU
		{A880829A-C9FF-44DC-ACCA-8DD3E90A6531}.Debug|Any CPU.Build.0 = Debug|Any CPU
		{A880829A-C9FF-44DC-ACCA-8DD3E90A6531}.Debug|x64.ActiveCfg = Debug|Any CPU
		{A880829A-C9FF-44DC-ACCA-8DD3E90A6531}.Debug|x64.Build.0 = Debug|Any CPU
		{A880829A-C9FF-44DC-ACCA-8DD3E90A6531}.Debug|x86.ActiveCfg = Debug|Any CPU
		{A880829A-C9FF-44DC-ACCA-8DD3E90A6531}.Debug|x86.Build.0 = Debug|Any CPU
		{A880829A-C9FF-44DC-ACCA-8DD3E90A6531}.Release|Any CPU.ActiveCfg = Release|Any CPU
		{A880829A-C9FF-44DC-ACCA-8DD3E90A6531}.Release|Any CPU.Build.0 = Release|Any CPU
		{A880829A-C9FF-44DC-ACCA-8DD3E90A6531}.Release|x64.ActiveCfg = Release|Any CPU
		{A880829A-C9FF-44DC-ACCA-8DD3E90A6531}.Release|x64.Build.0 = Release|Any CPU
		{A880829A-C9FF-44DC-ACCA-8DD3E90A6531}.Release|x86.ActiveCfg = Release|Any CPU
		{A880829A-C9FF-44DC-ACCA-8DD3E90A6531}.Release|x86.Build.0 = Release|Any CPU
		{86A3F411-9B06-4A00-947B-9ECF06B3ECEF}.Debug|Any CPU.ActiveCfg = Debug|Any CPU
		{86A3F411-9B06-4A00-947B-9ECF06B3ECEF}.Debug|Any CPU.Build.0 = Debug|Any CPU
		{86A3F411-9B06-4A00-947B-9ECF06B3ECEF}.Debug|x64.ActiveCfg = Debug|Any CPU
		{86A3F411-9B06-4A00-947B-9ECF06B3ECEF}.Debug|x64.Build.0 = Debug|Any CPU
		{86A3F411-9B06-4A00-947B-9ECF06B3ECEF}.Debug|x86.ActiveCfg = Debug|Any CPU
		{86A3F411-9B06-4A00-947B-9ECF06B3ECEF}.Debug|x86.Build.0 = Debug|Any CPU
		{86A3F411-9B06-4A00-947B-9ECF06B3ECEF}.Release|Any CPU.ActiveCfg = Release|Any CPU
		{86A3F411-9B06-4A00-947B-9ECF06B3ECEF}.Release|Any CPU.Build.0 = Release|Any CPU
		{86A3F411-9B06-4A00-947B-9ECF06B3ECEF}.Release|x64.ActiveCfg = Release|Any CPU
		{86A3F411-9B06-4A00-947B-9ECF06B3ECEF}.Release|x64.Build.0 = Release|Any CPU
		{86A3F411-9B06-4A00-947B-9ECF06B3ECEF}.Release|x86.ActiveCfg = Release|Any CPU
		{86A3F411-9B06-4A00-947B-9ECF06B3ECEF}.Release|x86.Build.0 = Release|Any CPU
	EndGlobalSection
	GlobalSection(SolutionProperties) = preSolution
		HideSolutionNode = FALSE
	EndGlobalSection
	GlobalSection(NestedProjects) = preSolution
		{0EE68FE7-1A7E-4CF9-BB21-C23BDBEFD959} = {827E0CD3-B72D-47B6-A68D-7590B98EB39B}
		{A880829A-C9FF-44DC-ACCA-8DD3E90A6531} = {827E0CD3-B72D-47B6-A68D-7590B98EB39B}
		{86A3F411-9B06-4A00-947B-9ECF06B3ECEF} = {827E0CD3-B72D-47B6-A68D-7590B98EB39B}
	EndGlobalSection
EndGlobal
